
Microsoft Visual Studio Solution File, Format Version 12.00
# Visual Studio 15
VisualStudioVersion = 15.0.27130.2036
MinimumVisualStudioVersion = 10.0.40219.1
Project("{FAE04EC0-301F-11D3-BF4B-00C04F79EFBC}") = "PetAdoptionApi", "PetAdoptionApi\PetAdoptionApi.csproj", "{3C695A34-2601-4A50-AC30-62E8BD899850}"
EndProject
Global
	GlobalSection(SolutionConfigurationPlatforms) = preSolution
		Debug|Any CPU = Debug|Any CPU
		Release|Any CPU = Release|Any CPU
	EndGlobalSection
	GlobalSection(ProjectConfigurationPlatforms) = postSolution
		{3C695A34-2601-4A50-AC30-62E8BD899850}.Debug|Any CPU.ActiveCfg = Debug|Any CPU
		{3C695A34-2601-4A50-AC30-62E8BD899850}.Debug|Any CPU.Build.0 = Debug|Any CPU
		{3C695A34-2601-4A50-AC30-62E8BD899850}.Release|Any CPU.ActiveCfg = Release|Any CPU
		{3C695A34-2601-4A50-AC30-62E8BD899850}.Release|Any CPU.Build.0 = Release|Any CPU
	EndGlobalSection
	GlobalSection(SolutionProperties) = preSolution
		HideSolutionNode = FALSE
	EndGlobalSection
	GlobalSection(ExtensibilityGlobals) = postSolution
		SolutionGuid = {49FEC5F8-5261-44E7-B813-1E6A0B9A81A1}
	EndGlobalSection
EndGlobal
